// !$*UTF8*$!
{
	archiveVersion = 1;
	classes = {
	};
	objectVersion = 56;
	objects = {

/* Begin PBXBuildFile section */
		8A13CEBF299A7D8E00EEBC2E /* ISBN_scannerApp.swift in Sources */ = {isa = PBXBuildFile; fileRef = 8A13CEBE299A7D8E00EEBC2E /* ISBN_scannerApp.swift */; };
		8A13CEC1299A7D8E00EEBC2E /* ContentView.swift in Sources */ = {isa = PBXBuildFile; fileRef = 8A13CEC0299A7D8E00EEBC2E /* ContentView.swift */; };
		8A13CEC3299A7D9100EEBC2E /* Assets.xcassets in Resources */ = {isa = PBXBuildFile; fileRef = 8A13CEC2299A7D9100EEBC2E /* Assets.xcassets */; };
		8A13CEC6299A7D9100EEBC2E /* Preview Assets.xcassets in Resources */ = {isa = PBXBuildFile; fileRef = 8A13CEC5299A7D9100EEBC2E /* Preview Assets.xcassets */; };
		8A13CEC8299A7D9100EEBC2E /* Persistence.swift in Sources */ = {isa = PBXBuildFile; fileRef = 8A13CEC7299A7D9100EEBC2E /* Persistence.swift */; };
		8A13CECB299A7D9100EEBC2E /* ISBN_scanner.xcdatamodeld in Sources */ = {isa = PBXBuildFile; fileRef = 8A13CEC9299A7D9100EEBC2E /* ISBN_scanner.xcdatamodeld */; };
		8A13CED5299A7D9200EEBC2E /* ISBN_scannerTests.swift in Sources */ = {isa = PBXBuildFile; fileRef = 8A13CED4299A7D9200EEBC2E /* ISBN_scannerTests.swift */; };
		8A13CEDF299A7D9200EEBC2E /* ISBN_scannerUITests.swift in Sources */ = {isa = PBXBuildFile; fileRef = 8A13CEDE299A7D9200EEBC2E /* ISBN_scannerUITests.swift */; };
		8A13CEE1299A7D9200EEBC2E /* ISBN_scannerUITestsLaunchTests.swift in Sources */ = {isa = PBXBuildFile; fileRef = 8A13CEE0299A7D9200EEBC2E /* ISBN_scannerUITestsLaunchTests.swift */; };
/* End PBXBuildFile section */

/* Begin PBXContainerItemProxy section */
		8A13CED1299A7D9200EEBC2E /* PBXContainerItemProxy */ = {
			isa = PBXContainerItemProxy;
			containerPortal = 8A13CEB3299A7D8E00EEBC2E /* Project object */;
			proxyType = 1;
			remoteGlobalIDString = 8A13CEBA299A7D8E00EEBC2E;
			remoteInfo = "ISBN-scanner";
		};
		8A13CEDB299A7D9200EEBC2E /* PBXContainerItemProxy */ = {
			isa = PBXContainerItemProxy;
			containerPortal = 8A13CEB3299A7D8E00EEBC2E /* Project object */;
			proxyType = 1;
			remoteGlobalIDString = 8A13CEBA299A7D8E00EEBC2E;
			remoteInfo = "ISBN-scanner";
		};
/* End PBXContainerItemProxy section */

/* Begin PBXFileReference section */
		8A13CEBB299A7D8E00EEBC2E /* ISBN-scanner.app */ = {isa = PBXFileReference; explicitFileType = wrapper.application; includeInIndex = 0; path = "ISBN-scanner.app"; sourceTree = BUILT_PRODUCTS_DIR; };
		8A13CEBE299A7D8E00EEBC2E /* ISBN_scannerApp.swift */ = {isa = PBXFileReference; lastKnownFileType = sourcecode.swift; path = ISBN_scannerApp.swift; sourceTree = "<group>"; };
		8A13CEC0299A7D8E00EEBC2E /* ContentView.swift */ = {isa = PBXFileReference; lastKnownFileType = sourcecode.swift; path = ContentView.swift; sourceTree = "<group>"; };
		8A13CEC2299A7D9100EEBC2E /* Assets.xcassets */ = {isa = PBXFileReference; lastKnownFileType = folder.assetcatalog; path = Assets.xcassets; sourceTree = "<group>"; };
		8A13CEC5299A7D9100EEBC2E /* Preview Assets.xcassets */ = {isa = PBXFileReference; lastKnownFileType = folder.assetcatalog; path = "Preview Assets.xcassets"; sourceTree = "<group>"; };
		8A13CEC7299A7D9100EEBC2E /* Persistence.swift */ = {isa = PBXFileReference; lastKnownFileType = sourcecode.swift; path = Persistence.swift; sourceTree = "<group>"; };
		8A13CECA299A7D9100EEBC2E /* ISBN_scanner.xcdatamodel */ = {isa = PBXFileReference; lastKnownFileType = wrapper.xcdatamodel; path = ISBN_scanner.xcdatamodel; sourceTree = "<group>"; };
		8A13CED0299A7D9200EEBC2E /* ISBN-scannerTests.xctest */ = {isa = PBXFileReference; explicitFileType = wrapper.cfbundle; includeInIndex = 0; path = "ISBN-scannerTests.xctest"; sourceTree = BUILT_PRODUCTS_DIR; };
		8A13CED4299A7D9200EEBC2E /* ISBN_scannerTests.swift */ = {isa = PBXFileReference; lastKnownFileType = sourcecode.swift; path = ISBN_scannerTests.swift; sourceTree = "<group>"; };
		8A13CEDA299A7D9200EEBC2E /* ISBN-scannerUITests.xctest */ = {isa = PBXFileReference; explicitFileType = wrapper.cfbundle; includeInIndex = 0; path = "ISBN-scannerUITests.xctest"; sourceTree = BUILT_PRODUCTS_DIR; };
		8A13CEDE299A7D9200EEBC2E /* ISBN_scannerUITests.swift */ = {isa = PBXFileReference; lastKnownFileType = sourcecode.swift; path = ISBN_scannerUITests.swift; sourceTree = "<group>"; };
		8A13CEE0299A7D9200EEBC2E /* ISBN_scannerUITestsLaunchTests.swift */ = {isa = PBXFileReference; lastKnownFileType = sourcecode.swift; path = ISBN_scannerUITestsLaunchTests.swift; sourceTree = "<group>"; };
/* End PBXFileReference section */

/* Begin PBXFrameworksBuildPhase section */
		8A13CEB8299A7D8E00EEBC2E /* Frameworks */ = {
			isa = PBXFrameworksBuildPhase;
			buildActionMask = 2147483647;
			files = (
			);
			runOnlyForDeploymentPostprocessing = 0;
		};
		8A13CECD299A7D9200EEBC2E /* Frameworks */ = {
			isa = PBXFrameworksBuildPhase;
			buildActionMask = 2147483647;
			files = (
			);
			runOnlyForDeploymentPostprocessing = 0;
		};
		8A13CED7299A7D9200EEBC2E /* Frameworks */ = {
			isa = PBXFrameworksBuildPhase;
			buildActionMask = 2147483647;
			files = (
			);
			runOnlyForDeploymentPostprocessing = 0;
		};
/* End PBXFrameworksBuildPhase section */

/* Begin PBXGroup section */
		8A13CEB2299A7D8E00EEBC2E = {
			isa = PBXGroup;
			children = (
				8A13CEBD299A7D8E00EEBC2E /* ISBN-scanner */,
				8A13CED3299A7D9200EEBC2E /* ISBN-scannerTests */,
				8A13CEDD299A7D9200EEBC2E /* ISBN-scannerUITests */,
				8A13CEBC299A7D8E00EEBC2E /* Products */,
			);
			sourceTree = "<group>";
		};
		8A13CEBC299A7D8E00EEBC2E /* Products */ = {
			isa = PBXGroup;
			children = (
				8A13CEBB299A7D8E00EEBC2E /* ISBN-scanner.app */,
				8A13CED0299A7D9200EEBC2E /* ISBN-scannerTests.xctest */,
				8A13CEDA299A7D9200EEBC2E /* ISBN-scannerUITests.xctest */,
			);
			name = Products;
			sourceTree = "<group>";
		};
		8A13CEBD299A7D8E00EEBC2E /* ISBN-scanner */ = {
			isa = PBXGroup;
			children = (
				8A13CEBE299A7D8E00EEBC2E /* ISBN_scannerApp.swift */,
				8A13CEC0299A7D8E00EEBC2E /* ContentView.swift */,
				8A13CEC2299A7D9100EEBC2E /* Assets.xcassets */,
				8A13CEC7299A7D9100EEBC2E /* Persistence.swift */,
				8A13CEC9299A7D9100EEBC2E /* ISBN_scanner.xcdatamodeld */,
				8A13CEC4299A7D9100EEBC2E /* Preview Content */,
			);
			path = "ISBN-scanner";
			sourceTree = "<group>";
		};
		8A13CEC4299A7D9100EEBC2E /* Preview Content */ = {
			isa = PBXGroup;
			children = (
				8A13CEC5299A7D9100EEBC2E /* Preview Assets.xcassets */,
			);
			path = "Preview Content";
			sourceTree = "<group>";
		};
		8A13CED3299A7D9200EEBC2E /* ISBN-scannerTests */ = {
			isa = PBXGroup;
			children = (
				8A13CED4299A7D9200EEBC2E /* ISBN_scannerTests.swift */,
			);
			path = "ISBN-scannerTests";
			sourceTree = "<group>";
		};
		8A13CEDD299A7D9200EEBC2E /* ISBN-scannerUITests */ = {
			isa = PBXGroup;
			children = (
				8A13CEDE299A7D9200EEBC2E /* ISBN_scannerUITests.swift */,
				8A13CEE0299A7D9200EEBC2E /* ISBN_scannerUITestsLaunchTests.swift */,
			);
			path = "ISBN-scannerUITests";
			sourceTree = "<group>";
		};
/* End PBXGroup section */

/* Begin PBXNativeTarget section */
		8A13CEBA299A7D8E00EEBC2E /* ISBN-scanner */ = {
			isa = PBXNativeTarget;
			buildConfigurationList = 8A13CEE4299A7D9200EEBC2E /* Build configuration list for PBXNativeTarget "ISBN-scanner" */;
			buildPhases = (
				8A13CEB7299A7D8E00EEBC2E /* Sources */,
				8A13CEB8299A7D8E00EEBC2E /* Frameworks */,
				8A13CEB9299A7D8E00EEBC2E /* Resources */,
			);
			buildRules = (
			);
			dependencies = (
			);
			name = "ISBN-scanner";
			productName = "ISBN-scanner";
			productReference = 8A13CEBB299A7D8E00EEBC2E /* ISBN-scanner.app */;
			productType = "com.apple.product-type.application";
		};
		8A13CECF299A7D9200EEBC2E /* ISBN-scannerTests */ = {
			isa = PBXNativeTarget;
			buildConfigurationList = 8A13CEE7299A7D9200EEBC2E /* Build configuration list for PBXNativeTarget "ISBN-scannerTests" */;
			buildPhases = (
				8A13CECC299A7D9200EEBC2E /* Sources */,
				8A13CECD299A7D9200EEBC2E /* Frameworks */,
				8A13CECE299A7D9200EEBC2E /* Resources */,
			);
			buildRules = (
			);
			dependencies = (
				8A13CED2299A7D9200EEBC2E /* PBXTargetDependency */,
			);
			name = "ISBN-scannerTests";
			productName = "ISBN-scannerTests";
			productReference = 8A13CED0299A7D9200EEBC2E /* ISBN-scannerTests.xctest */;
			productType = "com.apple.product-type.bundle.unit-test";
		};
		8A13CED9299A7D9200EEBC2E /* ISBN-scannerUITests */ = {
			isa = PBXNativeTarget;
			buildConfigurationList = 8A13CEEA299A7D9200EEBC2E /* Build configuration list for PBXNativeTarget "ISBN-scannerUITests" */;
			buildPhases = (
				8A13CED6299A7D9200EEBC2E /* Sources */,
				8A13CED7299A7D9200EEBC2E /* Frameworks */,
				8A13CED8299A7D9200EEBC2E /* Resources */,
			);
			buildRules = (
			);
			dependencies = (
				8A13CEDC299A7D9200EEBC2E /* PBXTargetDependency */,
			);
			name = "ISBN-scannerUITests";
			productName = "ISBN-scannerUITests";
			productReference = 8A13CEDA299A7D9200EEBC2E /* ISBN-scannerUITests.xctest */;
			productType = "com.apple.product-type.bundle.ui-testing";
		};
/* End PBXNativeTarget section */

/* Begin PBXProject section */
		8A13CEB3299A7D8E00EEBC2E /* Project object */ = {
			isa = PBXProject;
			attributes = {
				BuildIndependentTargetsInParallel = 1;
				LastSwiftUpdateCheck = 1400;
				LastUpgradeCheck = 1400;
				TargetAttributes = {
					8A13CEBA299A7D8E00EEBC2E = {
						CreatedOnToolsVersion = 14.0.1;
					};
					8A13CECF299A7D9200EEBC2E = {
						CreatedOnToolsVersion = 14.0.1;
						TestTargetID = 8A13CEBA299A7D8E00EEBC2E;
					};
					8A13CED9299A7D9200EEBC2E = {
						CreatedOnToolsVersion = 14.0.1;
						TestTargetID = 8A13CEBA299A7D8E00EEBC2E;
					};
				};
			};
			buildConfigurationList = 8A13CEB6299A7D8E00EEBC2E /* Build configuration list for PBXProject "ISBN-scanner" */;
			compatibilityVersion = "Xcode 14.0";
			developmentRegion = en;
			hasScannedForEncodings = 0;
			knownRegions = (
				en,
				Base,
			);
			mainGroup = 8A13CEB2299A7D8E00EEBC2E;
			productRefGroup = 8A13CEBC299A7D8E00EEBC2E /* Products */;
			projectDirPath = "";
			projectRoot = "";
			targets = (
				8A13CEBA299A7D8E00EEBC2E /* ISBN-scanner */,
				8A13CECF299A7D9200EEBC2E /* ISBN-scannerTests */,
				8A13CED9299A7D9200EEBC2E /* ISBN-scannerUITests */,
			);
		};
/* End PBXProject section */

/* Begin PBXResourcesBuildPhase section */
		8A13CEB9299A7D8E00EEBC2E /* Resources */ = {
			isa = PBXResourcesBuildPhase;
			buildActionMask = 2147483647;
			files = (
				8A13CEC6299A7D9100EEBC2E /* Preview Assets.xcassets in Resources */,
				8A13CEC3299A7D9100EEBC2E /* Assets.xcassets in Resources */,
			);
			runOnlyForDeploymentPostprocessing = 0;
		};
		8A13CECE299A7D9200EEBC2E /* Resources */ = {
			isa = PBXResourcesBuildPhase;
			buildActionMask = 2147483647;
			files = (
			);
			runOnlyForDeploymentPostprocessing = 0;
		};
		8A13CED8299A7D9200EEBC2E /* Resources */ = {
			isa = PBXResourcesBuildPhase;
			buildActionMask = 2147483647;
			files = (
			);
			runOnlyForDeploymentPostprocessing = 0;
		};
/* End PBXResourcesBuildPhase section */

/* Begin PBXSourcesBuildPhase section */
		8A13CEB7299A7D8E00EEBC2E /* Sources */ = {
			isa = PBXSourcesBuildPhase;
			buildActionMask = 2147483647;
			files = (
				8A13CEC8299A7D9100EEBC2E /* Persistence.swift in Sources */,
				8A13CEC1299A7D8E00EEBC2E /* ContentView.swift in Sources */,
				8A13CECB299A7D9100EEBC2E /* ISBN_scanner.xcdatamodeld in Sources */,
				8A13CEBF299A7D8E00EEBC2E /* ISBN_scannerApp.swift in Sources */,
			);
			runOnlyForDeploymentPostprocessing = 0;
		};
		8A13CECC299A7D9200EEBC2E /* Sources */ = {
			isa = PBXSourcesBuildPhase;
			buildActionMask = 2147483647;
			files = (
				8A13CED5299A7D9200EEBC2E /* ISBN_scannerTests.swift in Sources */,
			);
			runOnlyForDeploymentPostprocessing = 0;
		};
		8A13CED6299A7D9200EEBC2E /* Sources */ = {
			isa = PBXSourcesBuildPhase;
			buildActionMask = 2147483647;
			files = (
				8A13CEDF299A7D9200EEBC2E /* ISBN_scannerUITests.swift in Sources */,
				8A13CEE1299A7D9200EEBC2E /* ISBN_scannerUITestsLaunchTests.swift in Sources */,
			);
			runOnlyForDeploymentPostprocessing = 0;
		};
/* End PBXSourcesBuildPhase section */

/* Begin PBXTargetDependency section */
		8A13CED2299A7D9200EEBC2E /* PBXTargetDependency */ = {
			isa = PBXTargetDependency;
			target = 8A13CEBA299A7D8E00EEBC2E /* ISBN-scanner */;
			targetProxy = 8A13CED1299A7D9200EEBC2E /* PBXContainerItemProxy */;
		};
		8A13CEDC299A7D9200EEBC2E /* PBXTargetDependency */ = {
			isa = PBXTargetDependency;
			target = 8A13CEBA299A7D8E00EEBC2E /* ISBN-scanner */;
			targetProxy = 8A13CEDB299A7D9200EEBC2E /* PBXContainerItemProxy */;
		};
/* End PBXTargetDependency section */

/* Begin XCBuildConfiguration section */
		8A13CEE2299A7D9200EEBC2E /* Debug */ = {
			isa = XCBuildConfiguration;
			buildSettings = {
				ALWAYS_SEARCH_USER_PATHS = NO;
				CLANG_ANALYZER_NONNULL = YES;
				CLANG_ANALYZER_NUMBER_OBJECT_CONVERSION = YES_AGGRESSIVE;
				CLANG_CXX_LANGUAGE_STANDARD = "gnu++20";
				CLANG_ENABLE_MODULES = YES;
				CLANG_ENABLE_OBJC_ARC = YES;
				CLANG_ENABLE_OBJC_WEAK = YES;
				CLANG_WARN_BLOCK_CAPTURE_AUTORELEASING = YES;
				CLANG_WARN_BOOL_CONVERSION = YES;
				CLANG_WARN_COMMA = YES;
				CLANG_WARN_CONSTANT_CONVERSION = YES;
				CLANG_WARN_DEPRECATED_OBJC_IMPLEMENTATIONS = YES;
				CLANG_WARN_DIRECT_OBJC_ISA_USAGE = YES_ERROR;
				CLANG_WARN_DOCUMENTATION_COMMENTS = YES;
				CLANG_WARN_EMPTY_BODY = YES;
				CLANG_WARN_ENUM_CONVERSION = YES;
				CLANG_WARN_INFINITE_RECURSION = YES;
				CLANG_WARN_INT_CONVERSION = YES;
				CLANG_WARN_NON_LITERAL_NULL_CONVERSION = YES;
				CLANG_WARN_OBJC_IMPLICIT_RETAIN_SELF = YES;
				CLANG_WARN_OBJC_LITERAL_CONVERSION = YES;
				CLANG_WARN_OBJC_ROOT_CLASS = YES_ERROR;
				CLANG_WARN_QUOTED_INCLUDE_IN_FRAMEWORK_HEADER = YES;
				CLANG_WARN_RANGE_LOOP_ANALYSIS = YES;
				CLANG_WARN_STRICT_PROTOTYPES = YES;
				CLANG_WARN_SUSPICIOUS_MOVE = YES;
				CLANG_WARN_UNGUARDED_AVAILABILITY = YES_AGGRESSIVE;
				CLANG_WARN_UNREACHABLE_CODE = YES;
				CLANG_WARN__DUPLICATE_METHOD_MATCH = YES;
				COPY_PHASE_STRIP = NO;
				DEBUG_INFORMATION_FORMAT = dwarf;
				ENABLE_STRICT_OBJC_MSGSEND = YES;
				ENABLE_TESTABILITY = YES;
				GCC_C_LANGUAGE_STANDARD = gnu11;
				GCC_DYNAMIC_NO_PIC = NO;
				GCC_NO_COMMON_BLOCKS = YES;
				GCC_OPTIMIZATION_LEVEL = 0;
				GCC_PREPROCESSOR_DEFINITIONS = (
					"DEBUG=1",
					"$(inherited)",
				);
				GCC_WARN_64_TO_32_BIT_CONVERSION = YES;
				GCC_WARN_ABOUT_RETURN_TYPE = YES_ERROR;
				GCC_WARN_UNDECLARED_SELECTOR = YES;
				GCC_WARN_UNINITIALIZED_AUTOS = YES_AGGRESSIVE;
				GCC_WARN_UNUSED_FUNCTION = YES;
				GCC_WARN_UNUSED_VARIABLE = YES;
				IPHONEOS_DEPLOYMENT_TARGET = 16.0;
				MTL_ENABLE_DEBUG_INFO = INCLUDE_SOURCE;
				MTL_FAST_MATH = YES;
				ONLY_ACTIVE_ARCH = YES;
				SDKROOT = iphoneos;
				SWIFT_ACTIVE_COMPILATION_CONDITIONS = DEBUG;
				SWIFT_OPTIMIZATION_LEVEL = "-Onone";
			};
			name = Debug;
		};
		8A13CEE3299A7D9200EEBC2E /* Release */ = {
			isa = XCBuildConfiguration;
			buildSettings = {
				ALWAYS_SEARCH_USER_PATHS = NO;
				CLANG_ANALYZER_NONNULL = YES;
				CLANG_ANALYZER_NUMBER_OBJECT_CONVERSION = YES_AGGRESSIVE;
				CLANG_CXX_LANGUAGE_STANDARD = "gnu++20";
				CLANG_ENABLE_MODULES = YES;
				CLANG_ENABLE_OBJC_ARC = YES;
				CLANG_ENABLE_OBJC_WEAK = YES;
				CLANG_WARN_BLOCK_CAPTURE_AUTORELEASING = YES;
				CLANG_WARN_BOOL_CONVERSION = YES;
				CLANG_WARN_COMMA = YES;
				CLANG_WARN_CONSTANT_CONVERSION = YES;
				CLANG_WARN_DEPRECATED_OBJC_IMPLEMENTATIONS = YES;
				CLANG_WARN_DIRECT_OBJC_ISA_USAGE = YES_ERROR;
				CLANG_WARN_DOCUMENTATION_COMMENTS = YES;
				CLANG_WARN_EMPTY_BODY = YES;
				CLANG_WARN_ENUM_CONVERSION = YES;
				CLANG_WARN_INFINITE_RECURSION = YES;
				CLANG_WARN_INT_CONVERSION = YES;
				CLANG_WARN_NON_LITERAL_NULL_CONVERSION = YES;
				CLANG_WARN_OBJC_IMPLICIT_RETAIN_SELF = YES;
				CLANG_WARN_OBJC_LITERAL_CONVERSION = YES;
				CLANG_WARN_OBJC_ROOT_CLASS = YES_ERROR;
				CLANG_WARN_QUOTED_INCLUDE_IN_FRAMEWORK_HEADER = YES;
				CLANG_WARN_RANGE_LOOP_ANALYSIS = YES;
				CLANG_WARN_STRICT_PROTOTYPES = YES;
				CLANG_WARN_SUSPICIOUS_MOVE = YES;
				CLANG_WARN_UNGUARDED_AVAILABILITY = YES_AGGRESSIVE;
				CLANG_WARN_UNREACHABLE_CODE = YES;
				CLANG_WARN__DUPLICATE_METHOD_MATCH = YES;
				COPY_PHASE_STRIP = NO;
				DEBUG_INFORMATION_FORMAT = "dwarf-with-dsym";
				ENABLE_NS_ASSERTIONS = NO;
				ENABLE_STRICT_OBJC_MSGSEND = YES;
				GCC_C_LANGUAGE_STANDARD = gnu11;
				GCC_NO_COMMON_BLOCKS = YES;
				GCC_WARN_64_TO_32_BIT_CONVERSION = YES;
				GCC_WARN_ABOUT_RETURN_TYPE = YES_ERROR;
				GCC_WARN_UNDECLARED_SELECTOR = YES;
				GCC_WARN_UNINITIALIZED_AUTOS = YES_AGGRESSIVE;
				GCC_WARN_UNUSED_FUNCTION = YES;
				GCC_WARN_UNUSED_VARIABLE = YES;
				IPHONEOS_DEPLOYMENT_TARGET = 16.0;
				MTL_ENABLE_DEBUG_INFO = NO;
				MTL_FAST_MATH = YES;
				SDKROOT = iphoneos;
				SWIFT_COMPILATION_MODE = wholemodule;
				SWIFT_OPTIMIZATION_LEVEL = "-O";
				VALIDATE_PRODUCT = YES;
			};
			name = Release;
		};
		8A13CEE5299A7D9200EEBC2E /* Debug */ = {
			isa = XCBuildConfiguration;
			buildSettings = {
				ASSETCATALOG_COMPILER_APPICON_NAME = AppIcon;
				ASSETCATALOG_COMPILER_GLOBAL_ACCENT_COLOR_NAME = AccentColor;
				CODE_SIGN_STYLE = Automatic;
				CURRENT_PROJECT_VERSION = 1;
				DEVELOPMENT_ASSET_PATHS = "\"ISBN-scanner/Preview Content\"";
				DEVELOPMENT_TEAM = GX62J5ELP3;
				ENABLE_PREVIEWS = YES;
				GENERATE_INFOPLIST_FILE = YES;
				INFOPLIST_KEY_UIApplicationSceneManifest_Generation = YES;
				INFOPLIST_KEY_UIApplicationSupportsIndirectInputEvents = YES;
				INFOPLIST_KEY_UILaunchScreen_Generation = YES;
				INFOPLIST_KEY_UISupportedInterfaceOrientations_iPad = "UIInterfaceOrientationPortrait UIInterfaceOrientationPortraitUpsideDown UIInterfaceOrientationLandscapeLeft UIInterfaceOrientationLandscapeRight";
				INFOPLIST_KEY_UISupportedInterfaceOrientations_iPhone = "UIInterfaceOrientationPortrait UIInterfaceOrientationLandscapeLeft UIInterfaceOrientationLandscapeRight";
				LD_RUNPATH_SEARCH_PATHS = (
					"$(inherited)",
					"@executable_path/Frameworks",
				);
				MARKETING_VERSION = 1.0;
				PRODUCT_BUNDLE_IDENTIFIER = "com.coco.ISBN-scanner";
				PRODUCT_NAME = "$(TARGET_NAME)";
				SWIFT_EMIT_LOC_STRINGS = YES;
				SWIFT_VERSION = 5.0;
				TARGETED_DEVICE_FAMILY = "1,2";
			};
			name = Debug;
		};
		8A13CEE6299A7D9200EEBC2E /* Release */ = {
			isa = XCBuildConfiguration;
			buildSettings = {
				ASSETCATALOG_COMPILER_APPICON_NAME = AppIcon;
				ASSETCATALOG_COMPILER_GLOBAL_ACCENT_COLOR_NAME = AccentColor;
				CODE_SIGN_STYLE = Automatic;
				CURRENT_PROJECT_VERSION = 1;
				DEVELOPMENT_ASSET_PATHS = "\"ISBN-scanner/Preview Content\"";
				DEVELOPMENT_TEAM = GX62J5ELP3;
				ENABLE_PREVIEWS = YES;
				GENERATE_INFOPLIST_FILE = YES;
				INFOPLIST_KEY_UIApplicationSceneManifest_Generation = YES;
				INFOPLIST_KEY_UIApplicationSupportsIndirectInputEvents = YES;
				INFOPLIST_KEY_UILaunchScreen_Generation = YES;
				INFOPLIST_KEY_UISupportedInterfaceOrientations_iPad = "UIInterfaceOrientationPortrait UIInterfaceOrientationPortraitUpsideDown UIInterfaceOrientationLandscapeLeft UIInterfaceOrientationLandscapeRight";
				INFOPLIST_KEY_UISupportedInterfaceOrientations_iPhone = "UIInterfaceOrientationPortrait UIInterfaceOrientationLandscapeLeft UIInterfaceOrientationLandscapeRight";
				LD_RUNPATH_SEARCH_PATHS = (
					"$(inherited)",
					"@executable_path/Frameworks",
				);
				MARKETING_VERSION = 1.0;
				PRODUCT_BUNDLE_IDENTIFIER = "com.coco.ISBN-scanner";
				PRODUCT_NAME = "$(TARGET_NAME)";
				SWIFT_EMIT_LOC_STRINGS = YES;
				SWIFT_VERSION = 5.0;
				TARGETED_DEVICE_FAMILY = "1,2";
			};
			name = Release;
		};
		8A13CEE8299A7D9200EEBC2E /* Debug */ = {
			isa = XCBuildConfiguration;
			buildSettings = {
				ALWAYS_EMBED_SWIFT_STANDARD_LIBRARIES = YES;
				BUNDLE_LOADER = "$(TEST_HOST)";
				CODE_SIGN_STYLE = Automatic;
				CURRENT_PROJECT_VERSION = 1;
				DEVELOPMENT_TEAM = GX62J5ELP3;
				GENERATE_INFOPLIST_FILE = YES;
				IPHONEOS_DEPLOYMENT_TARGET = 16.0;
				MARKETING_VERSION = 1.0;
				PRODUCT_BUNDLE_IDENTIFIER = "com.coco.ISBN-scannerTests";
				PRODUCT_NAME = "$(TARGET_NAME)";
				SWIFT_EMIT_LOC_STRINGS = NO;
				SWIFT_VERSION = 5.0;
				TARGETED_DEVICE_FAMILY = "1,2";
				TEST_HOST = "$(BUILT_PRODUCTS_DIR)/ISBN-scanner.app/$(BUNDLE_EXECUTABLE_FOLDER_PATH)/ISBN-scanner";
			};
			name = Debug;
		};
		8A13CEE9299A7D9200EEBC2E /* Release */ = {
			isa = XCBuildConfiguration;
			buildSettings = {
				ALWAYS_EMBED_SWIFT_STANDARD_LIBRARIES = YES;
				BUNDLE_LOADER = "$(TEST_HOST)";
				CODE_SIGN_STYLE = Automatic;
				CURRENT_PROJECT_VERSION = 1;
				DEVELOPMENT_TEAM = GX62J5ELP3;
				GENERATE_INFOPLIST_FILE = YES;
				IPHONEOS_DEPLOYMENT_TARGET = 16.0;
				MARKETING_VERSION = 1.0;
				PRODUCT_BUNDLE_IDENTIFIER = "com.coco.ISBN-scannerTests";
				PRODUCT_NAME = "$(TARGET_NAME)";
				SWIFT_EMIT_LOC_STRINGS = NO;
				SWIFT_VERSION = 5.0;
				TARGETED_DEVICE_FAMILY = "1,2";
				TEST_HOST = "$(BUILT_PRODUCTS_DIR)/ISBN-scanner.app/$(BUNDLE_EXECUTABLE_FOLDER_PATH)/ISBN-scanner";
			};
			name = Release;
		};
		8A13CEEB299A7D9200EEBC2E /* Debug */ = {
			isa = XCBuildConfiguration;
			buildSettings = {
				ALWAYS_EMBED_SWIFT_STANDARD_LIBRARIES = YES;
				CODE_SIGN_STYLE = Automatic;
				CURRENT_PROJECT_VERSION = 1;
				DEVELOPMENT_TEAM = GX62J5ELP3;
				GENERATE_INFOPLIST_FILE = YES;
				MARKETING_VERSION = 1.0;
				PRODUCT_BUNDLE_IDENTIFIER = "com.coco.ISBN-scannerUITests";
				PRODUCT_NAME = "$(TARGET_NAME)";
				SWIFT_EMIT_LOC_STRINGS = NO;
				SWIFT_VERSION = 5.0;
				TARGETED_DEVICE_FAMILY = "1,2";
				TEST_TARGET_NAME = "ISBN-scanner";
			};
			name = Debug;
		};
		8A13CEEC299A7D9200EEBC2E /* Release */ = {
			isa = XCBuildConfiguration;
			buildSettings = {
				ALWAYS_EMBED_SWIFT_STANDARD_LIBRARIES = YES;
				CODE_SIGN_STYLE = Automatic;
				CURRENT_PROJECT_VERSION = 1;
				DEVELOPMENT_TEAM = GX62J5ELP3;
				GENERATE_INFOPLIST_FILE = YES;
				MARKETING_VERSION = 1.0;
				PRODUCT_BUNDLE_IDENTIFIER = "com.coco.ISBN-scannerUITests";
				PRODUCT_NAME = "$(TARGET_NAME)";
				SWIFT_EMIT_LOC_STRINGS = NO;
				SWIFT_VERSION = 5.0;
				TARGETED_DEVICE_FAMILY = "1,2";
				TEST_TARGET_NAME = "ISBN-scanner";
			};
			name = Release;
		};
/* End XCBuildConfiguration section */

/* Begin XCConfigurationList section */
		8A13CEB6299A7D8E00EEBC2E /* Build configuration list for PBXProject "ISBN-scanner" */ = {
			isa = XCConfigurationList;
			buildConfigurations = (
				8A13CEE2299A7D9200EEBC2E /* Debug */,
				8A13CEE3299A7D9200EEBC2E /* Release */,
			);
			defaultConfigurationIsVisible = 0;
			defaultConfigurationName = Release;
		};
		8A13CEE4299A7D9200EEBC2E /* Build configuration list for PBXNativeTarget "ISBN-scanner" */ = {
			isa = XCConfigurationList;
			buildConfigurations = (
				8A13CEE5299A7D9200EEBC2E /* Debug */,
				8A13CEE6299A7D9200EEBC2E /* Release */,
			);
			defaultConfigurationIsVisible = 0;
			defaultConfigurationName = Release;
		};
		8A13CEE7299A7D9200EEBC2E /* Build configuration list for PBXNativeTarget "ISBN-scannerTests" */ = {
			isa = XCConfigurationList;
			buildConfigurations = (
				8A13CEE8299A7D9200EEBC2E /* Debug */,
				8A13CEE9299A7D9200EEBC2E /* Release */,
			);
			defaultConfigurationIsVisible = 0;
			defaultConfigurationName = Release;
		};
		8A13CEEA299A7D9200EEBC2E /* Build configuration list for PBXNativeTarget "ISBN-scannerUITests" */ = {
			isa = XCConfigurationList;
			buildConfigurations = (
				8A13CEEB299A7D9200EEBC2E /* Debug */,
				8A13CEEC299A7D9200EEBC2E /* Release */,
			);
			defaultConfigurationIsVisible = 0;
			defaultConfigurationName = Release;
		};
/* End XCConfigurationList section */

/* Begin XCVersionGroup section */
		8A13CEC9299A7D9100EEBC2E /* ISBN_scanner.xcdatamodeld */ = {
			isa = XCVersionGroup;
			children = (
				8A13CECA299A7D9100EEBC2E /* ISBN_scanner.xcdatamodel */,
			);
			currentVersion = 8A13CECA299A7D9100EEBC2E /* ISBN_scanner.xcdatamodel */;
			path = ISBN_scanner.xcdatamodeld;
			sourceTree = "<group>";
			versionGroupType = wrapper.xcdatamodel;
		};
/* End XCVersionGroup section */
	};
	rootObject = 8A13CEB3299A7D8E00EEBC2E /* Project object */;
}
